
Microsoft Visual Studio Solution File, Format Version 12.00
# Visual Studio Version 17
VisualStudioVersion = 17.9.34616.47
MinimumVisualStudioVersion = 10.0.40219.1
Project("{FAE04EC0-301F-11D3-BF4B-00C04F79EFBC}") = "NVD_lession05", "NVD_lession05\NVD_lession05.csproj", "{D875E501-688B-4F18-B8BA-504576596C90}"
EndProject
Project("{FAE04EC0-301F-11D3-BF4B-00C04F79EFBC}") = "Nvd.lab4.1", "Nvd.lab4.1\Nvd.lab4.1.csproj", "{0962D8A9-DE46-4F48-9674-5C96B7F46DE1}"
EndProject
Project("{FAE04EC0-301F-11D3-BF4B-00C04F79EFBC}") = "Nvd.lab4.2", "Nvd.lab4.2\Nvd.lab4.2.csproj", "{B471418D-29E4-4A09-A826-AB07DBAC43B3}"
EndProject
Global
	GlobalSection(SolutionConfigurationPlatforms) = preSolution
		Debug|Any CPU = Debug|Any CPU
		Release|Any CPU = Release|Any CPU
	EndGlobalSection
	GlobalSection(ProjectConfigurationPlatforms) = postSolution
		{D875E501-688B-4F18-B8BA-504576596C90}.Debug|Any CPU.ActiveCfg = Debug|Any CPU
		{D875E501-688B-4F18-B8BA-504576596C90}.Debug|Any CPU.Build.0 = Debug|Any CPU
		{D875E501-688B-4F18-B8BA-504576596C90}.Release|Any CPU.ActiveCfg = Release|Any CPU
		{D875E501-688B-4F18-B8BA-504576596C90}.Release|Any CPU.Build.0 = Release|Any CPU
		{0962D8A9-DE46-4F48-9674-5C96B7F46DE1}.Debug|Any CPU.ActiveCfg = Debug|Any CPU
		{0962D8A9-DE46-4F48-9674-5C96B7F46DE1}.Debug|Any CPU.Build.0 = Debug|Any CPU
		{0962D8A9-DE46-4F48-9674-5C96B7F46DE1}.Release|Any CPU.ActiveCfg = Release|Any CPU
		{0962D8A9-DE46-4F48-9674-5C96B7F46DE1}.Release|Any CPU.Build.0 = Release|Any CPU
		{B471418D-29E4-4A09-A826-AB07DBAC43B3}.Debug|Any CPU.ActiveCfg = Debug|Any CPU
		{B471418D-29E4-4A09-A826-AB07DBAC43B3}.Debug|Any CPU.Build.0 = Debug|Any CPU
		{B471418D-29E4-4A09-A826-AB07DBAC43B3}.Release|Any CPU.ActiveCfg = Release|Any CPU
		{B471418D-29E4-4A09-A826-AB07DBAC43B3}.Release|Any CPU.Build.0 = Release|Any CPU
	EndGlobalSection
	GlobalSection(SolutionProperties) = preSolution
		HideSolutionNode = FALSE
	EndGlobalSection
	GlobalSection(ExtensibilityGlobals) = postSolution
		SolutionGuid = {D1EEDB5D-2367-4321-9827-44F60D3D4A6C}
	EndGlobalSection
EndGlobal
